
Microsoft Visual Studio Solution File, Format Version 12.00
# Visual Studio Version 17
VisualStudioVersion = 17.8.34330.188
MinimumVisualStudioVersion = 10.0.40219.1
Project("{FAE04EC0-301F-11D3-BF4B-00C04F79EFBC}") = "YoutubeDownloader", "YoutubeDownloader\YoutubeDownloader.csproj", "{10A17EB7-C5AA-46D5-B06D-99E12F7C98B2}"
EndProject
Global
	GlobalSection(SolutionConfigurationPlatforms) = preSolution
		Debug|Any CPU = Debug|Any CPU
		Release|Any CPU = Release|Any CPU
	EndGlobalSection
	GlobalSection(ProjectConfigurationPlatforms) = postSolution
		{10A17EB7-C5AA-46D5-B06D-99E12F7C98B2}.Debug|Any CPU.ActiveCfg = Debug|Any CPU
		{10A17EB7-C5AA-46D5-B06D-99E12F7C98B2}.Debug|Any CPU.Build.0 = Debug|Any CPU
		{10A17EB7-C5AA-46D5-B06D-99E12F7C98B2}.Release|Any CPU.ActiveCfg = Release|Any CPU
		{10A17EB7-C5AA-46D5-B06D-99E12F7C98B2}.Release|Any CPU.Build.0 = Release|Any CPU
	EndGlobalSection
	GlobalSection(SolutionProperties) = preSolution
		HideSolutionNode = FALSE
	EndGlobalSection
	GlobalSection(ExtensibilityGlobals) = postSolution
		SolutionGuid = {C0661A71-0644-4A16-B537-B648C5A9FFA2}
	EndGlobalSection
EndGlobal
